
Microsoft Visual Studio Solution File, Format Version 12.00
# Visual Studio 15
VisualStudioVersion = 15.0.27130.2026
MinimumVisualStudioVersion = 10.0.40219.1
Project("{FAE04EC0-301F-11D3-BF4B-00C04F79EFBC}") = "aspnet-core-angular", "aspnet-core-angular\aspnet-core-angular.csproj", "{45AB08A9-9B86-4337-B29E-0810136720D0}"
EndProject
Global
	GlobalSection(SolutionConfigurationPlatforms) = preSolution
		Debug|Any CPU = Debug|Any CPU
		Release|Any CPU = Release|Any CPU
	EndGlobalSection
	GlobalSection(ProjectConfigurationPlatforms) = postSolution
		{45AB08A9-9B86-4337-B29E-0810136720D0}.Debug|Any CPU.ActiveCfg = Debug|Any CPU
		{45AB08A9-9B86-4337-B29E-0810136720D0}.Debug|Any CPU.Build.0 = Debug|Any CPU
		{45AB08A9-9B86-4337-B29E-0810136720D0}.Release|Any CPU.ActiveCfg = Release|Any CPU
		{45AB08A9-9B86-4337-B29E-0810136720D0}.Release|Any CPU.Build.0 = Release|Any CPU
	EndGlobalSection
	GlobalSection(SolutionProperties) = preSolution
		HideSolutionNode = FALSE
	EndGlobalSection
	GlobalSection(ExtensibilityGlobals) = postSolution
		SolutionGuid = {D8682B40-BF25-4264-A2C2-1ACC7D16279A}
	EndGlobalSection
EndGlobal
